# THIS IS AN AUTOGENERATED FILE. DO NOT EDIT THIS FILE DIRECTLY.
# yarn lockfile v1


"@playwright/test@^1.36.0":
  version "1.36.0"
  resolved "https://registry.npmjs.org/@playwright/test/-/test-1.36.0.tgz"
  integrity sha512-yN+fvMYtiyLFDCQos+lWzoX4XW3DNuaxjBu68G0lkgLgC6BP+m/iTxJQoSicz/x2G5EsrqlZTqTIP9sTgLQerg==
  dependencies:
    "@types/node" "*"
    playwright-core "1.36.0"
  optionalDependencies:
    fsevents "2.3.2"

"@types/node@*":
  version "20.3.2"
  resolved "https://registry.npmjs.org/@types/node/-/node-20.3.2.tgz"
  integrity sha512-vOBLVQeCQfIcF/2Y7eKFTqrMnizK5lRNQ7ykML/5RuwVXVWxYkgwS7xbt4B6fKCUPgbSL5FSsjHQpaGQP/dQmw==

fsevents@2.3.2:
  version "2.3.2"
  resolved "https://registry.npmjs.org/fsevents/-/fsevents-2.3.2.tgz"
  integrity sha512-xiqMQR4xAeHTuB9uWm+fFRcIOgKBMiOBP+eXiyT7jsgVCq1bkVygt00oASowB7EdtpOHaaPgKt812P9ab+DDKA==

moment@^2.29.4:
  version "2.29.4"
  resolved "https://registry.npmjs.org/moment/-/moment-2.29.4.tgz"
  integrity sha512-5LC9SOxjSc2HF6vO2CyuTDNivEdoz2IvyJJGj6X8DJ0eFyfszE0QiEd+iXmBvUP3WHxSjFH/vIsA0EN00cgr8w==

playwright-core@1.36.0:
  version "1.36.0"
  resolved "https://registry.npmjs.org/playwright-core/-/playwright-core-1.36.0.tgz"
  integrity sha512-7RTr8P6YJPAqB+8j5ATGHqD6LvLLM39sYVNsslh78g8QeLcBs5750c6+msjrHUwwGt+kEbczBj1XB22WMwn+WA==
