# THIS IS AN AUTOGENERATED FILE. DO NOT EDIT THIS FILE DIRECTLY.
# yarn lockfile v1


"@playwright/test@^1.35.1":
  version "1.35.1"
  resolved "https://registry.yarnpkg.com/@playwright/test/-/test-1.35.1.tgz#a596b61e15b980716696f149cc7a2002f003580c"
  integrity sha512-b5YoFe6J9exsMYg0pQAobNDR85T1nLumUYgUTtKm4d21iX2L7WqKq9dW8NGJ+2vX0etZd+Y7UeuqsxDXm9+5ZA==
  dependencies:
    "@types/node" "*"
    playwright-core "1.35.1"
  optionalDependencies:
    fsevents "2.3.2"

"@types/node@*":
  version "20.4.0"
  resolved "https://registry.yarnpkg.com/@types/node/-/node-20.4.0.tgz#01d637d1891e419bc85763b46f42809cd2d5addb"
  integrity sha512-jfT7iTf/4kOQ9S7CHV9BIyRaQqHu67mOjsIQBC3BKZvzvUB6zLxEwJ6sBE3ozcvP8kF6Uk5PXN0Q+c0dfhGX0g==

fsevents@2.3.2:
  version "2.3.2"
  resolved "https://registry.yarnpkg.com/fsevents/-/fsevents-2.3.2.tgz#8a526f78b8fdf4623b709e0b975c52c24c02fd1a"
  integrity sha512-xiqMQR4xAeHTuB9uWm+fFRcIOgKBMiOBP+eXiyT7jsgVCq1bkVygt00oASowB7EdtpOHaaPgKt812P9ab+DDKA==

moment@^2.29.4:
  version "2.29.4"
  resolved "https://registry.yarnpkg.com/moment/-/moment-2.29.4.tgz#3dbe052889fe7c1b2ed966fcb3a77328964ef108"
  integrity sha512-5LC9SOxjSc2HF6vO2CyuTDNivEdoz2IvyJJGj6X8DJ0eFyfszE0QiEd+iXmBvUP3WHxSjFH/vIsA0EN00cgr8w==

playwright-core@1.35.1:
  version "1.35.1"
  resolved "https://registry.yarnpkg.com/playwright-core/-/playwright-core-1.35.1.tgz#52c1e6ffaa6a8c29de1a5bdf8cce0ce290ffb81d"
  integrity sha512-pNXb6CQ7OqmGDRspEjlxE49w+4YtR6a3X6mT1hZXeJHWmsEz7SunmvZeiG/+y1yyMZdHnnn73WKYdtV1er0Xyg==
